
Microsoft Visual Studio Solution File, Format Version 12.00
# Visual Studio Version 17
VisualStudioVersion = 17.8.34511.84
MinimumVisualStudioVersion = 10.0.40219.1
Project("{FAE04EC0-301F-11D3-BF4B-00C04F79EFBC}") = "Assign1Calc", "Assign1Calc\Assign1Calc.csproj", "{9AF814A2-CC79-458B-9657-823B2E84E8B9}"
EndProject
Global
	GlobalSection(SolutionConfigurationPlatforms) = preSolution
		Debug|Any CPU = Debug|Any CPU
		Release|Any CPU = Release|Any CPU
	EndGlobalSection
	GlobalSection(ProjectConfigurationPlatforms) = postSolution
		{9AF814A2-CC79-458B-9657-823B2E84E8B9}.Debug|Any CPU.ActiveCfg = Debug|Any CPU
		{9AF814A2-CC79-458B-9657-823B2E84E8B9}.Debug|Any CPU.Build.0 = Debug|Any CPU
		{9AF814A2-CC79-458B-9657-823B2E84E8B9}.Release|Any CPU.ActiveCfg = Release|Any CPU
		{9AF814A2-CC79-458B-9657-823B2E84E8B9}.Release|Any CPU.Build.0 = Release|Any CPU
	EndGlobalSection
	GlobalSection(SolutionProperties) = preSolution
		HideSolutionNode = FALSE
	EndGlobalSection
	GlobalSection(ExtensibilityGlobals) = postSolution
		SolutionGuid = {D671AD08-F161-4524-8DDA-159F695ACC7E}
	EndGlobalSection
EndGlobal
